
Microsoft Visual Studio Solution File, Format Version 12.00
# Visual Studio Version 17
VisualStudioVersion = 17.2.32516.85
MinimumVisualStudioVersion = 10.0.40219.1
Project("{9A19103F-16F7-4668-BE54-9A1E7A4F7556}") = "WebApi", "WepApi\WebApi.csproj", "{BD07B823-723F-4E28-BCF3-6D9142EFC23D}"
EndProject
Project("{9A19103F-16F7-4668-BE54-9A1E7A4F7556}") = "Domain", "Domain\Domain.csproj", "{22C69962-86F6-4081-B71B-3A93B027168D}"
EndProject
Project("{9A19103F-16F7-4668-BE54-9A1E7A4F7556}") = "Infrastructure", "Infrastructure\Infrastructure.csproj", "{D97CF41F-479A-46AB-A7F4-4E532AB74A19}"
EndProject
Global
	GlobalSection(SolutionConfigurationPlatforms) = preSolution
		Debug|Any CPU = Debug|Any CPU
		Release|Any CPU = Release|Any CPU
	EndGlobalSection
	GlobalSection(ProjectConfigurationPlatforms) = postSolution
		{BD07B823-723F-4E28-BCF3-6D9142EFC23D}.Debug|Any CPU.ActiveCfg = Debug|Any CPU
		{BD07B823-723F-4E28-BCF3-6D9142EFC23D}.Debug|Any CPU.Build.0 = Debug|Any CPU
		{BD07B823-723F-4E28-BCF3-6D9142EFC23D}.Release|Any CPU.ActiveCfg = Release|Any CPU
		{BD07B823-723F-4E28-BCF3-6D9142EFC23D}.Release|Any CPU.Build.0 = Release|Any CPU
		{22C69962-86F6-4081-B71B-3A93B027168D}.Debug|Any CPU.ActiveCfg = Debug|Any CPU
		{22C69962-86F6-4081-B71B-3A93B027168D}.Debug|Any CPU.Build.0 = Debug|Any CPU
		{22C69962-86F6-4081-B71B-3A93B027168D}.Release|Any CPU.ActiveCfg = Release|Any CPU
		{22C69962-86F6-4081-B71B-3A93B027168D}.Release|Any CPU.Build.0 = Release|Any CPU
		{D97CF41F-479A-46AB-A7F4-4E532AB74A19}.Debug|Any CPU.ActiveCfg = Debug|Any CPU
		{D97CF41F-479A-46AB-A7F4-4E532AB74A19}.Debug|Any CPU.Build.0 = Debug|Any CPU
		{D97CF41F-479A-46AB-A7F4-4E532AB74A19}.Release|Any CPU.ActiveCfg = Release|Any CPU
		{D97CF41F-479A-46AB-A7F4-4E532AB74A19}.Release|Any CPU.Build.0 = Release|Any CPU
	EndGlobalSection
	GlobalSection(SolutionProperties) = preSolution
		HideSolutionNode = FALSE
	EndGlobalSection
	GlobalSection(ExtensibilityGlobals) = postSolution
		SolutionGuid = {003BA649-E025-4E97-A84B-F98052AB0129}
	EndGlobalSection
EndGlobal
